
Microsoft Visual Studio Solution File, Format Version 12.00
# Visual Studio 15
VisualStudioVersion = 15.0.27703.2000
MinimumVisualStudioVersion = 10.0.40219.1
Project("{FAE04EC0-301F-11D3-BF4B-00C04F79EFBC}") = "ContasReceberApp.Android", "ContasReceberApp\ContasReceberApp.Android\ContasReceberApp.Android.csproj", "{90DF8308-4B2B-4237-AF7C-AF3FDC5C50A5}"
EndProject
Project("{FAE04EC0-301F-11D3-BF4B-00C04F79EFBC}") = "ContasReceberApp.iOS", "ContasReceberApp\ContasReceberApp.iOS\ContasReceberApp.iOS.csproj", "{E88EFBC1-E80B-461A-9BC9-514AD355F710}"
EndProject
Project("{FAE04EC0-301F-11D3-BF4B-00C04F79EFBC}") = "ContasReceberApp", "ContasReceberApp\ContasReceberApp\ContasReceberApp.csproj", "{8BB88045-12A4-4C09-9639-CDD33C128144}"
EndProject
Global
	GlobalSection(SolutionConfigurationPlatforms) = preSolution
		Ad-Hoc|Any CPU = Ad-Hoc|Any CPU
		Ad-Hoc|iPhone = Ad-Hoc|iPhone
		Ad-Hoc|iPhoneSimulator = Ad-Hoc|iPhoneSimulator
		AppStore|Any CPU = AppStore|Any CPU
		AppStore|iPhone = AppStore|iPhone
		AppStore|iPhoneSimulator = AppStore|iPhoneSimulator
		Debug|Any CPU = Debug|Any CPU
		Debug|iPhone = Debug|iPhone
		Debug|iPhoneSimulator = Debug|iPhoneSimulator
		Release|Any CPU = Release|Any CPU
		Release|iPhone = Release|iPhone
		Release|iPhoneSimulator = Release|iPhoneSimulator
	EndGlobalSection
	GlobalSection(ProjectConfigurationPlatforms) = postSolution
		{90DF8308-4B2B-4237-AF7C-AF3FDC5C50A5}.Ad-Hoc|Any CPU.ActiveCfg = Release|Any CPU
		{90DF8308-4B2B-4237-AF7C-AF3FDC5C50A5}.Ad-Hoc|Any CPU.Build.0 = Release|Any CPU
		{90DF8308-4B2B-4237-AF7C-AF3FDC5C50A5}.Ad-Hoc|Any CPU.Deploy.0 = Release|Any CPU
		{90DF8308-4B2B-4237-AF7C-AF3FDC5C50A5}.Ad-Hoc|iPhone.ActiveCfg = Release|Any CPU
		{90DF8308-4B2B-4237-AF7C-AF3FDC5C50A5}.Ad-Hoc|iPhone.Build.0 = Release|Any CPU
		{90DF8308-4B2B-4237-AF7C-AF3FDC5C50A5}.Ad-Hoc|iPhone.Deploy.0 = Release|Any CPU
		{90DF8308-4B2B-4237-AF7C-AF3FDC5C50A5}.Ad-Hoc|iPhoneSimulator.ActiveCfg = Release|Any CPU
		{90DF8308-4B2B-4237-AF7C-AF3FDC5C50A5}.Ad-Hoc|iPhoneSimulator.Build.0 = Release|Any CPU
		{90DF8308-4B2B-4237-AF7C-AF3FDC5C50A5}.Ad-Hoc|iPhoneSimulator.Deploy.0 = Release|Any CPU
		{90DF8308-4B2B-4237-AF7C-AF3FDC5C50A5}.AppStore|Any CPU.ActiveCfg = Release|Any CPU
		{90DF8308-4B2B-4237-AF7C-AF3FDC5C50A5}.AppStore|Any CPU.Build.0 = Release|Any CPU
		{90DF8308-4B2B-4237-AF7C-AF3FDC5C50A5}.AppStore|Any CPU.Deploy.0 = Release|Any CPU
		{90DF8308-4B2B-4237-AF7C-AF3FDC5C50A5}.AppStore|iPhone.ActiveCfg = Release|Any CPU
		{90DF8308-4B2B-4237-AF7C-AF3FDC5C50A5}.AppStore|iPhone.Build.0 = Release|Any CPU
		{90DF8308-4B2B-4237-AF7C-AF3FDC5C50A5}.AppStore|iPhone.Deploy.0 = Release|Any CPU
		{90DF8308-4B2B-4237-AF7C-AF3FDC5C50A5}.AppStore|iPhoneSimulator.ActiveCfg = Release|Any CPU
		{90DF8308-4B2B-4237-AF7C-AF3FDC5C50A5}.AppStore|iPhoneSimulator.Build.0 = Release|Any CPU
		{90DF8308-4B2B-4237-AF7C-AF3FDC5C50A5}.AppStore|iPhoneSimulator.Deploy.0 = Release|Any CPU
		{90DF8308-4B2B-4237-AF7C-AF3FDC5C50A5}.Debug|Any CPU.ActiveCfg = Debug|Any CPU
		{90DF8308-4B2B-4237-AF7C-AF3FDC5C50A5}.Debug|Any CPU.Build.0 = Debug|Any CPU
		{90DF8308-4B2B-4237-AF7C-AF3FDC5C50A5}.Debug|Any CPU.Deploy.0 = Debug|Any CPU
		{90DF8308-4B2B-4237-AF7C-AF3FDC5C50A5}.Debug|iPhone.ActiveCfg = Debug|Any CPU
		{90DF8308-4B2B-4237-AF7C-AF3FDC5C50A5}.Debug|iPhone.Build.0 = Debug|Any CPU
		{90DF8308-4B2B-4237-AF7C-AF3FDC5C50A5}.Debug|iPhone.Deploy.0 = Debug|Any CPU
		{90DF8308-4B2B-4237-AF7C-AF3FDC5C50A5}.Debug|iPhoneSimulator.ActiveCfg = Debug|Any CPU
		{90DF8308-4B2B-4237-AF7C-AF3FDC5C50A5}.Debug|iPhoneSimulator.Build.0 = Debug|Any CPU
		{90DF8308-4B2B-4237-AF7C-AF3FDC5C50A5}.Debug|iPhoneSimulator.Deploy.0 = Debug|Any CPU
		{90DF8308-4B2B-4237-AF7C-AF3FDC5C50A5}.Release|Any CPU.ActiveCfg = Release|Any CPU
		{90DF8308-4B2B-4237-AF7C-AF3FDC5C50A5}.Release|Any CPU.Build.0 = Release|Any CPU
		{90DF8308-4B2B-4237-AF7C-AF3FDC5C50A5}.Release|Any CPU.Deploy.0 = Release|Any CPU
		{90DF8308-4B2B-4237-AF7C-AF3FDC5C50A5}.Release|iPhone.ActiveCfg = Release|Any CPU
		{90DF8308-4B2B-4237-AF7C-AF3FDC5C50A5}.Release|iPhone.Build.0 = Release|Any CPU
		{90DF8308-4B2B-4237-AF7C-AF3FDC5C50A5}.Release|iPhone.Deploy.0 = Release|Any CPU
		{90DF8308-4B2B-4237-AF7C-AF3FDC5C50A5}.Release|iPhoneSimulator.ActiveCfg = Release|Any CPU
		{90DF8308-4B2B-4237-AF7C-AF3FDC5C50A5}.Release|iPhoneSimulator.Build.0 = Release|Any CPU
		{90DF8308-4B2B-4237-AF7C-AF3FDC5C50A5}.Release|iPhoneSimulator.Deploy.0 = Release|Any CPU
		{E88EFBC1-E80B-461A-9BC9-514AD355F710}.Ad-Hoc|Any CPU.ActiveCfg = Ad-Hoc|iPhone
		{E88EFBC1-E80B-461A-9BC9-514AD355F710}.Ad-Hoc|Any CPU.Build.0 = Ad-Hoc|iPhone
		{E88EFBC1-E80B-461A-9BC9-514AD355F710}.Ad-Hoc|Any CPU.Deploy.0 = Ad-Hoc|iPhone
		{E88EFBC1-E80B-461A-9BC9-514AD355F710}.Ad-Hoc|iPhone.ActiveCfg = Ad-Hoc|iPhone
		{E88EFBC1-E80B-461A-9BC9-514AD355F710}.Ad-Hoc|iPhone.Build.0 = Ad-Hoc|iPhone
		{E88EFBC1-E80B-461A-9BC9-514AD355F710}.Ad-Hoc|iPhone.Deploy.0 = Ad-Hoc|iPhone
		{E88EFBC1-E80B-461A-9BC9-514AD355F710}.Ad-Hoc|iPhoneSimulator.ActiveCfg = Ad-Hoc|iPhoneSimulator
		{E88EFBC1-E80B-461A-9BC9-514AD355F710}.Ad-Hoc|iPhoneSimulator.Build.0 = Ad-Hoc|iPhoneSimulator
		{E88EFBC1-E80B-461A-9BC9-514AD355F710}.Ad-Hoc|iPhoneSimulator.Deploy.0 = Ad-Hoc|iPhoneSimulator
		{E88EFBC1-E80B-461A-9BC9-514AD355F710}.AppStore|Any CPU.ActiveCfg = AppStore|iPhone
		{E88EFBC1-E80B-461A-9BC9-514AD355F710}.AppStore|Any CPU.Build.0 = AppStore|iPhone
		{E88EFBC1-E80B-461A-9BC9-514AD355F710}.AppStore|Any CPU.Deploy.0 = AppStore|iPhone
		{E88EFBC1-E80B-461A-9BC9-514AD355F710}.AppStore|iPhone.ActiveCfg = AppStore|iPhone
		{E88EFBC1-E80B-461A-9BC9-514AD355F710}.AppStore|iPhone.Build.0 = AppStore|iPhone
		{E88EFBC1-E80B-461A-9BC9-514AD355F710}.AppStore|iPhone.Deploy.0 = AppStore|iPhone
		{E88EFBC1-E80B-461A-9BC9-514AD355F710}.AppStore|iPhoneSimulator.ActiveCfg = AppStore|iPhoneSimulator
		{E88EFBC1-E80B-461A-9BC9-514AD355F710}.AppStore|iPhoneSimulator.Build.0 = AppStore|iPhoneSimulator
		{E88EFBC1-E80B-461A-9BC9-514AD355F710}.AppStore|iPhoneSimulator.Deploy.0 = AppStore|iPhoneSimulator
		{E88EFBC1-E80B-461A-9BC9-514AD355F710}.Debug|Any CPU.ActiveCfg = Debug|iPhoneSimulator
		{E88EFBC1-E80B-461A-9BC9-514AD355F710}.Debug|Any CPU.Build.0 = Debug|iPhoneSimulator
		{E88EFBC1-E80B-461A-9BC9-514AD355F710}.Debug|Any CPU.Deploy.0 = Debug|iPhoneSimulator
		{E88EFBC1-E80B-461A-9BC9-514AD355F710}.Debug|iPhone.ActiveCfg = Debug|iPhone
		{E88EFBC1-E80B-461A-9BC9-514AD355F710}.Debug|iPhone.Build.0 = Debug|iPhone
		{E88EFBC1-E80B-461A-9BC9-514AD355F710}.Debug|iPhone.Deploy.0 = Debug|iPhone
		{E88EFBC1-E80B-461A-9BC9-514AD355F710}.Debug|iPhoneSimulator.ActiveCfg = Debug|iPhoneSimulator
		{E88EFBC1-E80B-461A-9BC9-514AD355F710}.Debug|iPhoneSimulator.Build.0 = Debug|iPhoneSimulator
		{E88EFBC1-E80B-461A-9BC9-514AD355F710}.Debug|iPhoneSimulator.Deploy.0 = Debug|iPhoneSimulator
		{E88EFBC1-E80B-461A-9BC9-514AD355F710}.Release|Any CPU.ActiveCfg = Release|iPhone
		{E88EFBC1-E80B-461A-9BC9-514AD355F710}.Release|Any CPU.Build.0 = Release|iPhone
		{E88EFBC1-E80B-461A-9BC9-514AD355F710}.Release|Any CPU.Deploy.0 = Release|iPhone
		{E88EFBC1-E80B-461A-9BC9-514AD355F710}.Release|iPhone.ActiveCfg = Release|iPhone
		{E88EFBC1-E80B-461A-9BC9-514AD355F710}.Release|iPhone.Build.0 = Release|iPhone
		{E88EFBC1-E80B-461A-9BC9-514AD355F710}.Release|iPhone.Deploy.0 = Release|iPhone
		{E88EFBC1-E80B-461A-9BC9-514AD355F710}.Release|iPhoneSimulator.ActiveCfg = Release|iPhoneSimulator
		{E88EFBC1-E80B-461A-9BC9-514AD355F710}.Release|iPhoneSimulator.Build.0 = Release|iPhoneSimulator
		{E88EFBC1-E80B-461A-9BC9-514AD355F710}.Release|iPhoneSimulator.Deploy.0 = Release|iPhoneSimulator
		{8BB88045-12A4-4C09-9639-CDD33C128144}.Ad-Hoc|Any CPU.ActiveCfg = Debug|Any CPU
		{8BB88045-12A4-4C09-9639-CDD33C128144}.Ad-Hoc|Any CPU.Build.0 = Debug|Any CPU
		{8BB88045-12A4-4C09-9639-CDD33C128144}.Ad-Hoc|Any CPU.Deploy.0 = Debug|Any CPU
		{8BB88045-12A4-4C09-9639-CDD33C128144}.Ad-Hoc|iPhone.ActiveCfg = Debug|Any CPU
		{8BB88045-12A4-4C09-9639-CDD33C128144}.Ad-Hoc|iPhone.Build.0 = Debug|Any CPU
		{8BB88045-12A4-4C09-9639-CDD33C128144}.Ad-Hoc|iPhone.Deploy.0 = Debug|Any CPU
		{8BB88045-12A4-4C09-9639-CDD33C128144}.Ad-Hoc|iPhoneSimulator.ActiveCfg = Debug|Any CPU
		{8BB88045-12A4-4C09-9639-CDD33C128144}.Ad-Hoc|iPhoneSimulator.Build.0 = Debug|Any CPU
		{8BB88045-12A4-4C09-9639-CDD33C128144}.Ad-Hoc|iPhoneSimulator.Deploy.0 = Debug|Any CPU
		{8BB88045-12A4-4C09-9639-CDD33C128144}.AppStore|Any CPU.ActiveCfg = Debug|Any CPU
		{8BB88045-12A4-4C09-9639-CDD33C128144}.AppStore|Any CPU.Build.0 = Debug|Any CPU
		{8BB88045-12A4-4C09-9639-CDD33C128144}.AppStore|Any CPU.Deploy.0 = Debug|Any CPU
		{8BB88045-12A4-4C09-9639-CDD33C128144}.AppStore|iPhone.ActiveCfg = Debug|Any CPU
		{8BB88045-12A4-4C09-9639-CDD33C128144}.AppStore|iPhone.Build.0 = Debug|Any CPU
		{8BB88045-12A4-4C09-9639-CDD33C128144}.AppStore|iPhone.Deploy.0 = Debug|Any CPU
		{8BB88045-12A4-4C09-9639-CDD33C128144}.AppStore|iPhoneSimulator.ActiveCfg = Debug|Any CPU
		{8BB88045-12A4-4C09-9639-CDD33C128144}.AppStore|iPhoneSimulator.Build.0 = Debug|Any CPU
		{8BB88045-12A4-4C09-9639-CDD33C128144}.AppStore|iPhoneSimulator.Deploy.0 = Debug|Any CPU
		{8BB88045-12A4-4C09-9639-CDD33C128144}.Debug|Any CPU.ActiveCfg = Debug|Any CPU
		{8BB88045-12A4-4C09-9639-CDD33C128144}.Debug|Any CPU.Build.0 = Debug|Any CPU
		{8BB88045-12A4-4C09-9639-CDD33C128144}.Debug|Any CPU.Deploy.0 = Debug|Any CPU
		{8BB88045-12A4-4C09-9639-CDD33C128144}.Debug|iPhone.ActiveCfg = Debug|Any CPU
		{8BB88045-12A4-4C09-9639-CDD33C128144}.Debug|iPhone.Build.0 = Debug|Any CPU
		{8BB88045-12A4-4C09-9639-CDD33C128144}.Debug|iPhone.Deploy.0 = Debug|Any CPU
		{8BB88045-12A4-4C09-9639-CDD33C128144}.Debug|iPhoneSimulator.ActiveCfg = Debug|Any CPU
		{8BB88045-12A4-4C09-9639-CDD33C128144}.Debug|iPhoneSimulator.Build.0 = Debug|Any CPU
		{8BB88045-12A4-4C09-9639-CDD33C128144}.Debug|iPhoneSimulator.Deploy.0 = Debug|Any CPU
		{8BB88045-12A4-4C09-9639-CDD33C128144}.Release|Any CPU.ActiveCfg = Release|Any CPU
		{8BB88045-12A4-4C09-9639-CDD33C128144}.Release|Any CPU.Build.0 = Release|Any CPU
		{8BB88045-12A4-4C09-9639-CDD33C128144}.Release|Any CPU.Deploy.0 = Release|Any CPU
		{8BB88045-12A4-4C09-9639-CDD33C128144}.Release|iPhone.ActiveCfg = Release|Any CPU
		{8BB88045-12A4-4C09-9639-CDD33C128144}.Release|iPhone.Build.0 = Release|Any CPU
		{8BB88045-12A4-4C09-9639-CDD33C128144}.Release|iPhone.Deploy.0 = Release|Any CPU
		{8BB88045-12A4-4C09-9639-CDD33C128144}.Release|iPhoneSimulator.ActiveCfg = Release|Any CPU
		{8BB88045-12A4-4C09-9639-CDD33C128144}.Release|iPhoneSimulator.Build.0 = Release|Any CPU
		{8BB88045-12A4-4C09-9639-CDD33C128144}.Release|iPhoneSimulator.Deploy.0 = Release|Any CPU
	EndGlobalSection
	GlobalSection(SolutionProperties) = preSolution
		HideSolutionNode = FALSE
	EndGlobalSection
	GlobalSection(ExtensibilityGlobals) = postSolution
		SolutionGuid = {18C769A0-A106-4415-B808-850676EAF068}
	EndGlobalSection
EndGlobal
